
Microsoft Visual Studio Solution File, Format Version 12.00
# Visual Studio Version 17
VisualStudioVersion = 17.6.33815.320
MinimumVisualStudioVersion = 10.0.40219.1
Project("{FAE04EC0-301F-11D3-BF4B-00C04F79EFBC}") = "firebaseproje", "firebaseproje\firebaseproje.csproj", "{DA93938D-4C61-4CA1-8FD8-EDFC4D6CECC5}"
EndProject
Global
	GlobalSection(SolutionConfigurationPlatforms) = preSolution
		Debug|Any CPU = Debug|Any CPU
		Release|Any CPU = Release|Any CPU
	EndGlobalSection
	GlobalSection(ProjectConfigurationPlatforms) = postSolution
		{DA93938D-4C61-4CA1-8FD8-EDFC4D6CECC5}.Debug|Any CPU.ActiveCfg = Debug|Any CPU
		{DA93938D-4C61-4CA1-8FD8-EDFC4D6CECC5}.Debug|Any CPU.Build.0 = Debug|Any CPU
		{DA93938D-4C61-4CA1-8FD8-EDFC4D6CECC5}.Release|Any CPU.ActiveCfg = Release|Any CPU
		{DA93938D-4C61-4CA1-8FD8-EDFC4D6CECC5}.Release|Any CPU.Build.0 = Release|Any CPU
	EndGlobalSection
	GlobalSection(SolutionProperties) = preSolution
		HideSolutionNode = FALSE
	EndGlobalSection
	GlobalSection(ExtensibilityGlobals) = postSolution
		SolutionGuid = {AF85B5C5-3DFC-4818-A3A2-3EB14F6B659A}
	EndGlobalSection
EndGlobal
